<?xml version="1.0" encoding="utf-8"?>
<Project ToolsVersion="14.0" xmlns="http://schemas.microsoft.com/developer/msbuild/2003">
  <ItemGroup>
    <ClCompile Include="platform.cpp">
      <Filter>Source Files</Filter>
    </ClCompile>
    <ClCompile Include="datumtest-win32.cpp">
      <Filter>Source Files</Filter>
    </ClCompile>
    <ClCompile Include="datumtest.cpp">
      <Filter>Source Files</Filter>
    </ClCompile>
  </ItemGroup>
  <ItemGroup>
    <ClInclude Include="platform.h">
      <Filter>Source Files</Filter>
    </ClInclude>
    <ClInclude Include="datumtest.h">
      <Filter>Source Files</Filter>
    </ClInclude>
  </ItemGroup>
  <ItemGroup>
    <Filter Include="Source Files">
      <UniqueIdentifier>{AADD6CF3-CC50-32F1-B6E7-8BA3FB210001}</UniqueIdentifier>
    </Filter>
  </ItemGroup>
</Project>